
Microsoft Visual Studio Solution File, Format Version 12.00
# Visual Studio Version 16
VisualStudioVersion = 16.0.32228.343
MinimumVisualStudioVersion = 10.0.40219.1
Project("{FAE04EC0-301F-11D3-BF4B-00C04F79EFBC}") = "Calculator", "Calculator\Calculator.csproj", "{BD314FB2-5F09-43D7-BC6B-91C4C3919066}"
EndProject
Global
	GlobalSection(SolutionConfigurationPlatforms) = preSolution
		Debug|Any CPU = Debug|Any CPU
		Release|Any CPU = Release|Any CPU
	EndGlobalSection
	GlobalSection(ProjectConfigurationPlatforms) = postSolution
		{BD314FB2-5F09-43D7-BC6B-91C4C3919066}.Debug|Any CPU.ActiveCfg = Debug|Any CPU
		{BD314FB2-5F09-43D7-BC6B-91C4C3919066}.Debug|Any CPU.Build.0 = Debug|Any CPU
		{BD314FB2-5F09-43D7-BC6B-91C4C3919066}.Release|Any CPU.ActiveCfg = Release|Any CPU
		{BD314FB2-5F09-43D7-BC6B-91C4C3919066}.Release|Any CPU.Build.0 = Release|Any CPU
	EndGlobalSection
	GlobalSection(SolutionProperties) = preSolution
		HideSolutionNode = FALSE
	EndGlobalSection
	GlobalSection(ExtensibilityGlobals) = postSolution
		SolutionGuid = {588DC623-657D-45EC-985A-E3001EE7184A}
	EndGlobalSection
EndGlobal
