
Microsoft Visual Studio Solution File, Format Version 12.00
# Visual Studio Version 16
VisualStudioVersion = 16.0.32228.343
MinimumVisualStudioVersion = 10.0.40219.1
Project("{FAE04EC0-301F-11D3-BF4B-00C04F79EFBC}") = "Framework", "Framework\Framework.csproj", "{DC5452D0-6E08-4E07-8F8A-4B63D52C75C9}"
EndProject
Project("{FAE04EC0-301F-11D3-BF4B-00C04F79EFBC}") = "consumer", "consumer\consumer.csproj", "{CBC1ABD1-D720-4E4D-B479-4ECA5B5CC7D8}"
EndProject
Global
	GlobalSection(SolutionConfigurationPlatforms) = preSolution
		Debug|Any CPU = Debug|Any CPU
		Release|Any CPU = Release|Any CPU
	EndGlobalSection
	GlobalSection(ProjectConfigurationPlatforms) = postSolution
		{DC5452D0-6E08-4E07-8F8A-4B63D52C75C9}.Debug|Any CPU.ActiveCfg = Debug|Any CPU
		{DC5452D0-6E08-4E07-8F8A-4B63D52C75C9}.Debug|Any CPU.Build.0 = Debug|Any CPU
		{DC5452D0-6E08-4E07-8F8A-4B63D52C75C9}.Release|Any CPU.ActiveCfg = Release|Any CPU
		{DC5452D0-6E08-4E07-8F8A-4B63D52C75C9}.Release|Any CPU.Build.0 = Release|Any CPU
		{CBC1ABD1-D720-4E4D-B479-4ECA5B5CC7D8}.Debug|Any CPU.ActiveCfg = Debug|Any CPU
		{CBC1ABD1-D720-4E4D-B479-4ECA5B5CC7D8}.Debug|Any CPU.Build.0 = Debug|Any CPU
		{CBC1ABD1-D720-4E4D-B479-4ECA5B5CC7D8}.Release|Any CPU.ActiveCfg = Release|Any CPU
		{CBC1ABD1-D720-4E4D-B479-4ECA5B5CC7D8}.Release|Any CPU.Build.0 = Release|Any CPU
	EndGlobalSection
	GlobalSection(SolutionProperties) = preSolution
		HideSolutionNode = FALSE
	EndGlobalSection
	GlobalSection(ExtensibilityGlobals) = postSolution
		SolutionGuid = {180DE1E1-49D1-44B2-BF89-5CD5BA076DAF}
	EndGlobalSection
EndGlobal
