
Microsoft Visual Studio Solution File, Format Version 12.00
# Visual Studio Version 16
VisualStudioVersion = 16.0.32228.343
MinimumVisualStudioVersion = 10.0.40219.1
Project("{FAE04EC0-301F-11D3-BF4B-00C04F79EFBC}") = "TeslaCoffeeShop", "TeslaCoffeeShop\TeslaCoffeeShop.csproj", "{948AE440-3AE6-4751-A624-CC1DFB391DF0}"
EndProject
Global
	GlobalSection(SolutionConfigurationPlatforms) = preSolution
		Debug|Any CPU = Debug|Any CPU
		Release|Any CPU = Release|Any CPU
	EndGlobalSection
	GlobalSection(ProjectConfigurationPlatforms) = postSolution
		{948AE440-3AE6-4751-A624-CC1DFB391DF0}.Debug|Any CPU.ActiveCfg = Debug|Any CPU
		{948AE440-3AE6-4751-A624-CC1DFB391DF0}.Debug|Any CPU.Build.0 = Debug|Any CPU
		{948AE440-3AE6-4751-A624-CC1DFB391DF0}.Release|Any CPU.ActiveCfg = Release|Any CPU
		{948AE440-3AE6-4751-A624-CC1DFB391DF0}.Release|Any CPU.Build.0 = Release|Any CPU
	EndGlobalSection
	GlobalSection(SolutionProperties) = preSolution
		HideSolutionNode = FALSE
	EndGlobalSection
	GlobalSection(ExtensibilityGlobals) = postSolution
		SolutionGuid = {6DC98E9B-A1C1-4FBC-AA4A-96A9B331A0E7}
	EndGlobalSection
EndGlobal
