
Microsoft Visual Studio Solution File, Format Version 12.00
# Visual Studio Version 16
VisualStudioVersion = 16.0.32126.315
MinimumVisualStudioVersion = 10.0.40219.1
Project("{FAE04EC0-301F-11D3-BF4B-00C04F79EFBC}") = "PacMan", "PacMan\PacMan.csproj", "{DBFB7A8B-6591-49C0-AFB6-CE6B3C182606}"
EndProject
Global
	GlobalSection(SolutionConfigurationPlatforms) = preSolution
		Debug|Any CPU = Debug|Any CPU
		Release|Any CPU = Release|Any CPU
	EndGlobalSection
	GlobalSection(ProjectConfigurationPlatforms) = postSolution
		{DBFB7A8B-6591-49C0-AFB6-CE6B3C182606}.Debug|Any CPU.ActiveCfg = Debug|Any CPU
		{DBFB7A8B-6591-49C0-AFB6-CE6B3C182606}.Debug|Any CPU.Build.0 = Debug|Any CPU
		{DBFB7A8B-6591-49C0-AFB6-CE6B3C182606}.Release|Any CPU.ActiveCfg = Release|Any CPU
		{DBFB7A8B-6591-49C0-AFB6-CE6B3C182606}.Release|Any CPU.Build.0 = Release|Any CPU
	EndGlobalSection
	GlobalSection(SolutionProperties) = preSolution
		HideSolutionNode = FALSE
	EndGlobalSection
	GlobalSection(ExtensibilityGlobals) = postSolution
		SolutionGuid = {011FC6EF-1520-499B-99E6-088951D05F9C}
	EndGlobalSection
EndGlobal
